
Microsoft Visual Studio Solution File, Format Version 12.00
# Visual Studio 14
VisualStudioVersion = 14.0.23107.0
MinimumVisualStudioVersion = 10.0.40219.1
Project("{8BB2217D-0F2D-49D1-97BC-3654ED321F3B}") = "DependencyInjectionAndASPNETCore", "DependencyInjectionAndASPNETCore\DependencyInjectionAndASPNETCore.xproj", "{C518F45E-3E32-498C-8E77-12A60B9BA5CB}"
EndProject
Project("{2150E333-8FDC-42A3-9474-1A3956D46DE8}") = "Solution Items", "Solution Items", "{CE00CA73-5C24-44A2-ABAF-F126FDCA6DDD}"
	ProjectSection(SolutionItems) = preProject
		DependencyInjectionAndASPNETCore\global.json = DependencyInjectionAndASPNETCore\global.json
		DependencyInjectionAndASPNETCore.Tests\global.json = DependencyInjectionAndASPNETCore.Tests\global.json
	EndProjectSection
EndProject
Project("{8BB2217D-0F2D-49D1-97BC-3654ED321F3B}") = "DependencyInjectionAndASPNETCore.Tests", "DependencyInjectionAndASPNETCore.Tests\DependencyInjectionAndASPNETCore.Tests.xproj", "{FE9C3782-5768-41A7-966B-0C33F52E59A2}"
EndProject
Global
	GlobalSection(SolutionConfigurationPlatforms) = preSolution
		Debug|Any CPU = Debug|Any CPU
		Release|Any CPU = Release|Any CPU
	EndGlobalSection
	GlobalSection(ProjectConfigurationPlatforms) = postSolution
		{C518F45E-3E32-498C-8E77-12A60B9BA5CB}.Debug|Any CPU.ActiveCfg = Debug|Any CPU
		{C518F45E-3E32-498C-8E77-12A60B9BA5CB}.Debug|Any CPU.Build.0 = Debug|Any CPU
		{C518F45E-3E32-498C-8E77-12A60B9BA5CB}.Release|Any CPU.ActiveCfg = Release|Any CPU
		{C518F45E-3E32-498C-8E77-12A60B9BA5CB}.Release|Any CPU.Build.0 = Release|Any CPU
		{FE9C3782-5768-41A7-966B-0C33F52E59A2}.Debug|Any CPU.ActiveCfg = Debug|Any CPU
		{FE9C3782-5768-41A7-966B-0C33F52E59A2}.Debug|Any CPU.Build.0 = Debug|Any CPU
		{FE9C3782-5768-41A7-966B-0C33F52E59A2}.Release|Any CPU.ActiveCfg = Release|Any CPU
		{FE9C3782-5768-41A7-966B-0C33F52E59A2}.Release|Any CPU.Build.0 = Release|Any CPU
	EndGlobalSection
	GlobalSection(SolutionProperties) = preSolution
		HideSolutionNode = FALSE
	EndGlobalSection
EndGlobal
